
Microsoft Visual Studio Solution File, Format Version 12.00
# Visual Studio Version 17
VisualStudioVersion = 17.6.33815.320
MinimumVisualStudioVersion = 10.0.40219.1
Project("{FAE04EC0-301F-11D3-BF4B-00C04F79EFBC}") = "CSV_Summary_Generator", "CSV_Summary_Generator\CSV_Summary_Generator.csproj", "{6EF2C260-FDF1-4DE0-8310-9260F78F04BD}"
EndProject
Global
	GlobalSection(SolutionConfigurationPlatforms) = preSolution
		Debug|Any CPU = Debug|Any CPU
		Release|Any CPU = Release|Any CPU
	EndGlobalSection
	GlobalSection(ProjectConfigurationPlatforms) = postSolution
		{6EF2C260-FDF1-4DE0-8310-9260F78F04BD}.Debug|Any CPU.ActiveCfg = Debug|Any CPU
		{6EF2C260-FDF1-4DE0-8310-9260F78F04BD}.Debug|Any CPU.Build.0 = Debug|Any CPU
		{6EF2C260-FDF1-4DE0-8310-9260F78F04BD}.Release|Any CPU.ActiveCfg = Release|Any CPU
		{6EF2C260-FDF1-4DE0-8310-9260F78F04BD}.Release|Any CPU.Build.0 = Release|Any CPU
	EndGlobalSection
	GlobalSection(SolutionProperties) = preSolution
		HideSolutionNode = FALSE
	EndGlobalSection
	GlobalSection(ExtensibilityGlobals) = postSolution
		SolutionGuid = {8B05D084-20EB-4C19-BA95-BB258B2AD2D2}
	EndGlobalSection
EndGlobal
